
Microsoft Visual Studio Solution File, Format Version 12.00
# Visual Studio Version 17
VisualStudioVersion = 17.8.34525.116
MinimumVisualStudioVersion = 10.0.40219.1
Project("{FAE04EC0-301F-11D3-BF4B-00C04F79EFBC}") = "EJe.Clase5", "EJe.Clase5\EJe.Clase5.csproj", "{80618618-3FCC-42E2-BDA1-429E53A50B97}"
EndProject
Global
	GlobalSection(SolutionConfigurationPlatforms) = preSolution
		Debug|Any CPU = Debug|Any CPU
		Release|Any CPU = Release|Any CPU
	EndGlobalSection
	GlobalSection(ProjectConfigurationPlatforms) = postSolution
		{80618618-3FCC-42E2-BDA1-429E53A50B97}.Debug|Any CPU.ActiveCfg = Debug|Any CPU
		{80618618-3FCC-42E2-BDA1-429E53A50B97}.Debug|Any CPU.Build.0 = Debug|Any CPU
		{80618618-3FCC-42E2-BDA1-429E53A50B97}.Release|Any CPU.ActiveCfg = Release|Any CPU
		{80618618-3FCC-42E2-BDA1-429E53A50B97}.Release|Any CPU.Build.0 = Release|Any CPU
	EndGlobalSection
	GlobalSection(SolutionProperties) = preSolution
		HideSolutionNode = FALSE
	EndGlobalSection
	GlobalSection(ExtensibilityGlobals) = postSolution
		SolutionGuid = {6578A9C7-18C6-43BA-B897-583DBFDDA33E}
	EndGlobalSection
EndGlobal
